
Microsoft Visual Studio Solution File, Format Version 12.00
# Visual Studio 14
VisualStudioVersion = 14.0.24720.0
MinimumVisualStudioVersion = 10.0.40219.1
Project("{FAE04EC0-301F-11D3-BF4B-00C04F79EFBC}") = "Parliament.JargonBuster.Web", "Parliament.JargonBuster.Web\Parliament.JargonBuster.Web.csproj", "{3D643FEB-874F-472E-9E8B-F77D8D40F92D}"
EndProject
Project("{FAE04EC0-301F-11D3-BF4B-00C04F79EFBC}") = "Parliament.JargonBuster.Core", "Parliament.JargonBuster.Core\Parliament.JargonBuster.Core.csproj", "{97D6586D-2739-4614-A176-F1BC8F75C84A}"
EndProject
Project("{FAE04EC0-301F-11D3-BF4B-00C04F79EFBC}") = "Parliament.Common", "Parliament.Common\Parliament.Common.csproj", "{A43982C3-100B-43D1-A547-99F4D38DCFBE}"
EndProject
Project("{FAE04EC0-301F-11D3-BF4B-00C04F79EFBC}") = "Parliament.JargonBuster.WebAPI", "Parliament.JargonBuster.WebAPI\Parliament.JargonBuster.WebAPI.csproj", "{E16171DA-DD03-41FC-BAD9-894AF9AB6880}"
EndProject
Project("{FAE04EC0-301F-11D3-BF4B-00C04F79EFBC}") = "Parliament.JargonBuster.AdminApp", "Parliament.JargonBuster.AdminApp\Parliament.JargonBuster.AdminApp.csproj", "{9515F8F7-2B89-4F47-A2AE-B937F520BCDC}"
EndProject
Global
	GlobalSection(SolutionConfigurationPlatforms) = preSolution
		Debug|Any CPU = Debug|Any CPU
		DevCi|Any CPU = DevCi|Any CPU
		PPE|Any CPU = PPE|Any CPU
		Prod|Any CPU = Prod|Any CPU
		QA|Any CPU = QA|Any CPU
		Release|Any CPU = Release|Any CPU
	EndGlobalSection
	GlobalSection(ProjectConfigurationPlatforms) = postSolution
		{3D643FEB-874F-472E-9E8B-F77D8D40F92D}.Debug|Any CPU.ActiveCfg = Debug|Any CPU
		{3D643FEB-874F-472E-9E8B-F77D8D40F92D}.Debug|Any CPU.Build.0 = Debug|Any CPU
		{3D643FEB-874F-472E-9E8B-F77D8D40F92D}.DevCi|Any CPU.ActiveCfg = DevCi|Any CPU
		{3D643FEB-874F-472E-9E8B-F77D8D40F92D}.PPE|Any CPU.ActiveCfg = PPE|Any CPU
		{3D643FEB-874F-472E-9E8B-F77D8D40F92D}.Prod|Any CPU.ActiveCfg = Prod|Any CPU
		{3D643FEB-874F-472E-9E8B-F77D8D40F92D}.QA|Any CPU.ActiveCfg = QA|Any CPU
		{3D643FEB-874F-472E-9E8B-F77D8D40F92D}.Release|Any CPU.ActiveCfg = Release|Any CPU
		{3D643FEB-874F-472E-9E8B-F77D8D40F92D}.Release|Any CPU.Build.0 = Release|Any CPU
		{97D6586D-2739-4614-A176-F1BC8F75C84A}.Debug|Any CPU.ActiveCfg = Debug|Any CPU
		{97D6586D-2739-4614-A176-F1BC8F75C84A}.Debug|Any CPU.Build.0 = Debug|Any CPU
		{97D6586D-2739-4614-A176-F1BC8F75C84A}.DevCi|Any CPU.ActiveCfg = DevCi|Any CPU
		{97D6586D-2739-4614-A176-F1BC8F75C84A}.DevCi|Any CPU.Build.0 = DevCi|Any CPU
		{97D6586D-2739-4614-A176-F1BC8F75C84A}.PPE|Any CPU.ActiveCfg = PPE|Any CPU
		{97D6586D-2739-4614-A176-F1BC8F75C84A}.PPE|Any CPU.Build.0 = PPE|Any CPU
		{97D6586D-2739-4614-A176-F1BC8F75C84A}.Prod|Any CPU.ActiveCfg = Prod|Any CPU
		{97D6586D-2739-4614-A176-F1BC8F75C84A}.Prod|Any CPU.Build.0 = Prod|Any CPU
		{97D6586D-2739-4614-A176-F1BC8F75C84A}.QA|Any CPU.ActiveCfg = QA|Any CPU
		{97D6586D-2739-4614-A176-F1BC8F75C84A}.QA|Any CPU.Build.0 = QA|Any CPU
		{97D6586D-2739-4614-A176-F1BC8F75C84A}.Release|Any CPU.ActiveCfg = Release|Any CPU
		{97D6586D-2739-4614-A176-F1BC8F75C84A}.Release|Any CPU.Build.0 = Release|Any CPU
		{A43982C3-100B-43D1-A547-99F4D38DCFBE}.Debug|Any CPU.ActiveCfg = Debug|Any CPU
		{A43982C3-100B-43D1-A547-99F4D38DCFBE}.Debug|Any CPU.Build.0 = Debug|Any CPU
		{A43982C3-100B-43D1-A547-99F4D38DCFBE}.DevCi|Any CPU.ActiveCfg = DevCi|Any CPU
		{A43982C3-100B-43D1-A547-99F4D38DCFBE}.DevCi|Any CPU.Build.0 = DevCi|Any CPU
		{A43982C3-100B-43D1-A547-99F4D38DCFBE}.PPE|Any CPU.ActiveCfg = PPE|Any CPU
		{A43982C3-100B-43D1-A547-99F4D38DCFBE}.PPE|Any CPU.Build.0 = PPE|Any CPU
		{A43982C3-100B-43D1-A547-99F4D38DCFBE}.Prod|Any CPU.ActiveCfg = Prod|Any CPU
		{A43982C3-100B-43D1-A547-99F4D38DCFBE}.Prod|Any CPU.Build.0 = Prod|Any CPU
		{A43982C3-100B-43D1-A547-99F4D38DCFBE}.QA|Any CPU.ActiveCfg = QA|Any CPU
		{A43982C3-100B-43D1-A547-99F4D38DCFBE}.QA|Any CPU.Build.0 = QA|Any CPU
		{A43982C3-100B-43D1-A547-99F4D38DCFBE}.Release|Any CPU.ActiveCfg = Release|Any CPU
		{A43982C3-100B-43D1-A547-99F4D38DCFBE}.Release|Any CPU.Build.0 = Release|Any CPU
		{E16171DA-DD03-41FC-BAD9-894AF9AB6880}.Debug|Any CPU.ActiveCfg = Debug|Any CPU
		{E16171DA-DD03-41FC-BAD9-894AF9AB6880}.Debug|Any CPU.Build.0 = Debug|Any CPU
		{E16171DA-DD03-41FC-BAD9-894AF9AB6880}.DevCi|Any CPU.ActiveCfg = DevCi|Any CPU
		{E16171DA-DD03-41FC-BAD9-894AF9AB6880}.DevCi|Any CPU.Build.0 = DevCi|Any CPU
		{E16171DA-DD03-41FC-BAD9-894AF9AB6880}.PPE|Any CPU.ActiveCfg = PPE|Any CPU
		{E16171DA-DD03-41FC-BAD9-894AF9AB6880}.PPE|Any CPU.Build.0 = PPE|Any CPU
		{E16171DA-DD03-41FC-BAD9-894AF9AB6880}.Prod|Any CPU.ActiveCfg = Prod|Any CPU
		{E16171DA-DD03-41FC-BAD9-894AF9AB6880}.Prod|Any CPU.Build.0 = Prod|Any CPU
		{E16171DA-DD03-41FC-BAD9-894AF9AB6880}.QA|Any CPU.ActiveCfg = QA|Any CPU
		{E16171DA-DD03-41FC-BAD9-894AF9AB6880}.QA|Any CPU.Build.0 = QA|Any CPU
		{E16171DA-DD03-41FC-BAD9-894AF9AB6880}.Release|Any CPU.ActiveCfg = Release|Any CPU
		{E16171DA-DD03-41FC-BAD9-894AF9AB6880}.Release|Any CPU.Build.0 = Release|Any CPU
		{9515F8F7-2B89-4F47-A2AE-B937F520BCDC}.Debug|Any CPU.ActiveCfg = Debug|Any CPU
		{9515F8F7-2B89-4F47-A2AE-B937F520BCDC}.Debug|Any CPU.Build.0 = Debug|Any CPU
		{9515F8F7-2B89-4F47-A2AE-B937F520BCDC}.DevCi|Any CPU.ActiveCfg = Debug|Any CPU
		{9515F8F7-2B89-4F47-A2AE-B937F520BCDC}.DevCi|Any CPU.Build.0 = Debug|Any CPU
		{9515F8F7-2B89-4F47-A2AE-B937F520BCDC}.PPE|Any CPU.ActiveCfg = Release|Any CPU
		{9515F8F7-2B89-4F47-A2AE-B937F520BCDC}.PPE|Any CPU.Build.0 = Release|Any CPU
		{9515F8F7-2B89-4F47-A2AE-B937F520BCDC}.Prod|Any CPU.ActiveCfg = Release|Any CPU
		{9515F8F7-2B89-4F47-A2AE-B937F520BCDC}.Prod|Any CPU.Build.0 = Release|Any CPU
		{9515F8F7-2B89-4F47-A2AE-B937F520BCDC}.QA|Any CPU.ActiveCfg = Release|Any CPU
		{9515F8F7-2B89-4F47-A2AE-B937F520BCDC}.QA|Any CPU.Build.0 = Release|Any CPU
		{9515F8F7-2B89-4F47-A2AE-B937F520BCDC}.Release|Any CPU.ActiveCfg = Release|Any CPU
		{9515F8F7-2B89-4F47-A2AE-B937F520BCDC}.Release|Any CPU.Build.0 = Release|Any CPU
	EndGlobalSection
	GlobalSection(SolutionProperties) = preSolution
		HideSolutionNode = FALSE
	EndGlobalSection
EndGlobal
