
Microsoft Visual Studio Solution File, Format Version 12.00
# Visual Studio 14
VisualStudioVersion = 14.0.24720.0
MinimumVisualStudioVersion = 10.0.40219.1
Project("{FAE04EC0-301F-11D3-BF4B-00C04F79EFBC}") = "Parliament.JargonBuster.Web", "Parliament.JargonBuster.Web\Parliament.JargonBuster.Web.csproj", "{3D643FEB-874F-472E-9E8B-F77D8D40F92D}"
EndProject
Project("{FAE04EC0-301F-11D3-BF4B-00C04F79EFBC}") = "Parliament.JargonBuster.Core", "Parliament.JargonBuster.Core\Parliament.JargonBuster.Core.csproj", "{97D6586D-2739-4614-A176-F1BC8F75C84A}"
EndProject
Project("{FAE04EC0-301F-11D3-BF4B-00C04F79EFBC}") = "Parliament.JargonBuster.WebAPI", "Parliament.JargonBuster.WebAPI\Parliament.JargonBuster.WebAPI.csproj", "{5E3B3098-C6BF-48C3-B72E-2861D3F6653B}"
EndProject
Project("{FAE04EC0-301F-11D3-BF4B-00C04F79EFBC}") = "Parliament.Common", "Parliament.Common\Parliament.Common.csproj", "{A43982C3-100B-43D1-A547-99F4D38DCFBE}"
EndProject
Global
	GlobalSection(SolutionConfigurationPlatforms) = preSolution
		Debug|Any CPU = Debug|Any CPU
		DevCI_Integration|Any CPU = DevCI_Integration|Any CPU
		DevCi|Any CPU = DevCi|Any CPU
		Intranet_PPE|Any CPU = Intranet_PPE|Any CPU
		Intranet_Prod|Any CPU = Intranet_Prod|Any CPU
		PPE|Any CPU = PPE|Any CPU
		Prod|Any CPU = Prod|Any CPU
		QA|Any CPU = QA|Any CPU
		Release|Any CPU = Release|Any CPU
		Website_PPE|Any CPU = Website_PPE|Any CPU
		Website_Prod|Any CPU = Website_Prod|Any CPU
	EndGlobalSection
	GlobalSection(ProjectConfigurationPlatforms) = postSolution
		{3D643FEB-874F-472E-9E8B-F77D8D40F92D}.Debug|Any CPU.ActiveCfg = Debug|Any CPU
		{3D643FEB-874F-472E-9E8B-F77D8D40F92D}.Debug|Any CPU.Build.0 = Debug|Any CPU
		{3D643FEB-874F-472E-9E8B-F77D8D40F92D}.DevCI_Integration|Any CPU.ActiveCfg = Debug|Any CPU
		{3D643FEB-874F-472E-9E8B-F77D8D40F92D}.DevCI_Integration|Any CPU.Build.0 = Debug|Any CPU
		{3D643FEB-874F-472E-9E8B-F77D8D40F92D}.DevCi|Any CPU.ActiveCfg = Debug|Any CPU
		{3D643FEB-874F-472E-9E8B-F77D8D40F92D}.DevCi|Any CPU.Build.0 = Debug|Any CPU
		{3D643FEB-874F-472E-9E8B-F77D8D40F92D}.Intranet_PPE|Any CPU.ActiveCfg = Release|Any CPU
		{3D643FEB-874F-472E-9E8B-F77D8D40F92D}.Intranet_PPE|Any CPU.Build.0 = Release|Any CPU
		{3D643FEB-874F-472E-9E8B-F77D8D40F92D}.Intranet_Prod|Any CPU.ActiveCfg = Release|Any CPU
		{3D643FEB-874F-472E-9E8B-F77D8D40F92D}.Intranet_Prod|Any CPU.Build.0 = Release|Any CPU
		{3D643FEB-874F-472E-9E8B-F77D8D40F92D}.PPE|Any CPU.ActiveCfg = Release|Any CPU
		{3D643FEB-874F-472E-9E8B-F77D8D40F92D}.PPE|Any CPU.Build.0 = Release|Any CPU
		{3D643FEB-874F-472E-9E8B-F77D8D40F92D}.Prod|Any CPU.ActiveCfg = Release|Any CPU
		{3D643FEB-874F-472E-9E8B-F77D8D40F92D}.Prod|Any CPU.Build.0 = Release|Any CPU
		{3D643FEB-874F-472E-9E8B-F77D8D40F92D}.QA|Any CPU.ActiveCfg = Release|Any CPU
		{3D643FEB-874F-472E-9E8B-F77D8D40F92D}.QA|Any CPU.Build.0 = Release|Any CPU
		{3D643FEB-874F-472E-9E8B-F77D8D40F92D}.Release|Any CPU.ActiveCfg = Release|Any CPU
		{3D643FEB-874F-472E-9E8B-F77D8D40F92D}.Release|Any CPU.Build.0 = Release|Any CPU
		{3D643FEB-874F-472E-9E8B-F77D8D40F92D}.Website_PPE|Any CPU.ActiveCfg = Release|Any CPU
		{3D643FEB-874F-472E-9E8B-F77D8D40F92D}.Website_PPE|Any CPU.Build.0 = Release|Any CPU
		{3D643FEB-874F-472E-9E8B-F77D8D40F92D}.Website_Prod|Any CPU.ActiveCfg = Release|Any CPU
		{3D643FEB-874F-472E-9E8B-F77D8D40F92D}.Website_Prod|Any CPU.Build.0 = Release|Any CPU
		{97D6586D-2739-4614-A176-F1BC8F75C84A}.Debug|Any CPU.ActiveCfg = Debug|Any CPU
		{97D6586D-2739-4614-A176-F1BC8F75C84A}.Debug|Any CPU.Build.0 = Debug|Any CPU
		{97D6586D-2739-4614-A176-F1BC8F75C84A}.DevCI_Integration|Any CPU.ActiveCfg = Debug|Any CPU
		{97D6586D-2739-4614-A176-F1BC8F75C84A}.DevCI_Integration|Any CPU.Build.0 = Debug|Any CPU
		{97D6586D-2739-4614-A176-F1BC8F75C84A}.DevCi|Any CPU.ActiveCfg = Debug|Any CPU
		{97D6586D-2739-4614-A176-F1BC8F75C84A}.DevCi|Any CPU.Build.0 = Debug|Any CPU
		{97D6586D-2739-4614-A176-F1BC8F75C84A}.Intranet_PPE|Any CPU.ActiveCfg = Release|Any CPU
		{97D6586D-2739-4614-A176-F1BC8F75C84A}.Intranet_PPE|Any CPU.Build.0 = Release|Any CPU
		{97D6586D-2739-4614-A176-F1BC8F75C84A}.Intranet_Prod|Any CPU.ActiveCfg = Release|Any CPU
		{97D6586D-2739-4614-A176-F1BC8F75C84A}.Intranet_Prod|Any CPU.Build.0 = Release|Any CPU
		{97D6586D-2739-4614-A176-F1BC8F75C84A}.PPE|Any CPU.ActiveCfg = Release|Any CPU
		{97D6586D-2739-4614-A176-F1BC8F75C84A}.PPE|Any CPU.Build.0 = Release|Any CPU
		{97D6586D-2739-4614-A176-F1BC8F75C84A}.Prod|Any CPU.ActiveCfg = Release|Any CPU
		{97D6586D-2739-4614-A176-F1BC8F75C84A}.Prod|Any CPU.Build.0 = Release|Any CPU
		{97D6586D-2739-4614-A176-F1BC8F75C84A}.QA|Any CPU.ActiveCfg = Release|Any CPU
		{97D6586D-2739-4614-A176-F1BC8F75C84A}.QA|Any CPU.Build.0 = Release|Any CPU
		{97D6586D-2739-4614-A176-F1BC8F75C84A}.Release|Any CPU.ActiveCfg = Release|Any CPU
		{97D6586D-2739-4614-A176-F1BC8F75C84A}.Release|Any CPU.Build.0 = Release|Any CPU
		{97D6586D-2739-4614-A176-F1BC8F75C84A}.Website_PPE|Any CPU.ActiveCfg = Release|Any CPU
		{97D6586D-2739-4614-A176-F1BC8F75C84A}.Website_PPE|Any CPU.Build.0 = Release|Any CPU
		{97D6586D-2739-4614-A176-F1BC8F75C84A}.Website_Prod|Any CPU.ActiveCfg = Release|Any CPU
		{97D6586D-2739-4614-A176-F1BC8F75C84A}.Website_Prod|Any CPU.Build.0 = Release|Any CPU
		{5E3B3098-C6BF-48C3-B72E-2861D3F6653B}.Debug|Any CPU.ActiveCfg = Debug|Any CPU
		{5E3B3098-C6BF-48C3-B72E-2861D3F6653B}.Debug|Any CPU.Build.0 = Debug|Any CPU
		{5E3B3098-C6BF-48C3-B72E-2861D3F6653B}.DevCI_Integration|Any CPU.ActiveCfg = Debug|Any CPU
		{5E3B3098-C6BF-48C3-B72E-2861D3F6653B}.DevCI_Integration|Any CPU.Build.0 = Debug|Any CPU
		{5E3B3098-C6BF-48C3-B72E-2861D3F6653B}.DevCi|Any CPU.ActiveCfg = Debug|Any CPU
		{5E3B3098-C6BF-48C3-B72E-2861D3F6653B}.DevCi|Any CPU.Build.0 = Debug|Any CPU
		{5E3B3098-C6BF-48C3-B72E-2861D3F6653B}.Intranet_PPE|Any CPU.ActiveCfg = Release|Any CPU
		{5E3B3098-C6BF-48C3-B72E-2861D3F6653B}.Intranet_PPE|Any CPU.Build.0 = Release|Any CPU
		{5E3B3098-C6BF-48C3-B72E-2861D3F6653B}.Intranet_Prod|Any CPU.ActiveCfg = Release|Any CPU
		{5E3B3098-C6BF-48C3-B72E-2861D3F6653B}.Intranet_Prod|Any CPU.Build.0 = Release|Any CPU
		{5E3B3098-C6BF-48C3-B72E-2861D3F6653B}.PPE|Any CPU.ActiveCfg = Release|Any CPU
		{5E3B3098-C6BF-48C3-B72E-2861D3F6653B}.PPE|Any CPU.Build.0 = Release|Any CPU
		{5E3B3098-C6BF-48C3-B72E-2861D3F6653B}.Prod|Any CPU.ActiveCfg = Release|Any CPU
		{5E3B3098-C6BF-48C3-B72E-2861D3F6653B}.Prod|Any CPU.Build.0 = Release|Any CPU
		{5E3B3098-C6BF-48C3-B72E-2861D3F6653B}.QA|Any CPU.ActiveCfg = Release|Any CPU
		{5E3B3098-C6BF-48C3-B72E-2861D3F6653B}.QA|Any CPU.Build.0 = Release|Any CPU
		{5E3B3098-C6BF-48C3-B72E-2861D3F6653B}.Release|Any CPU.ActiveCfg = Release|Any CPU
		{5E3B3098-C6BF-48C3-B72E-2861D3F6653B}.Release|Any CPU.Build.0 = Release|Any CPU
		{5E3B3098-C6BF-48C3-B72E-2861D3F6653B}.Website_PPE|Any CPU.ActiveCfg = Release|Any CPU
		{5E3B3098-C6BF-48C3-B72E-2861D3F6653B}.Website_PPE|Any CPU.Build.0 = Release|Any CPU
		{5E3B3098-C6BF-48C3-B72E-2861D3F6653B}.Website_Prod|Any CPU.ActiveCfg = Release|Any CPU
		{5E3B3098-C6BF-48C3-B72E-2861D3F6653B}.Website_Prod|Any CPU.Build.0 = Release|Any CPU
		{A43982C3-100B-43D1-A547-99F4D38DCFBE}.Debug|Any CPU.ActiveCfg = Debug|Any CPU
		{A43982C3-100B-43D1-A547-99F4D38DCFBE}.Debug|Any CPU.Build.0 = Debug|Any CPU
		{A43982C3-100B-43D1-A547-99F4D38DCFBE}.DevCI_Integration|Any CPU.ActiveCfg = DevCI_Integration|Any CPU
		{A43982C3-100B-43D1-A547-99F4D38DCFBE}.DevCI_Integration|Any CPU.Build.0 = DevCI_Integration|Any CPU
		{A43982C3-100B-43D1-A547-99F4D38DCFBE}.DevCi|Any CPU.ActiveCfg = DevCi|Any CPU
		{A43982C3-100B-43D1-A547-99F4D38DCFBE}.DevCi|Any CPU.Build.0 = DevCi|Any CPU
		{A43982C3-100B-43D1-A547-99F4D38DCFBE}.Intranet_PPE|Any CPU.ActiveCfg = Intranet_PPE|Any CPU
		{A43982C3-100B-43D1-A547-99F4D38DCFBE}.Intranet_PPE|Any CPU.Build.0 = Intranet_PPE|Any CPU
		{A43982C3-100B-43D1-A547-99F4D38DCFBE}.Intranet_Prod|Any CPU.ActiveCfg = Intranet_Prod|Any CPU
		{A43982C3-100B-43D1-A547-99F4D38DCFBE}.Intranet_Prod|Any CPU.Build.0 = Intranet_Prod|Any CPU
		{A43982C3-100B-43D1-A547-99F4D38DCFBE}.PPE|Any CPU.ActiveCfg = PPE|Any CPU
		{A43982C3-100B-43D1-A547-99F4D38DCFBE}.PPE|Any CPU.Build.0 = PPE|Any CPU
		{A43982C3-100B-43D1-A547-99F4D38DCFBE}.Prod|Any CPU.ActiveCfg = Prod|Any CPU
		{A43982C3-100B-43D1-A547-99F4D38DCFBE}.Prod|Any CPU.Build.0 = Prod|Any CPU
		{A43982C3-100B-43D1-A547-99F4D38DCFBE}.QA|Any CPU.ActiveCfg = QA|Any CPU
		{A43982C3-100B-43D1-A547-99F4D38DCFBE}.QA|Any CPU.Build.0 = QA|Any CPU
		{A43982C3-100B-43D1-A547-99F4D38DCFBE}.Release|Any CPU.ActiveCfg = Release|Any CPU
		{A43982C3-100B-43D1-A547-99F4D38DCFBE}.Release|Any CPU.Build.0 = Release|Any CPU
		{A43982C3-100B-43D1-A547-99F4D38DCFBE}.Website_PPE|Any CPU.ActiveCfg = Website_PPE|Any CPU
		{A43982C3-100B-43D1-A547-99F4D38DCFBE}.Website_PPE|Any CPU.Build.0 = Website_PPE|Any CPU
		{A43982C3-100B-43D1-A547-99F4D38DCFBE}.Website_Prod|Any CPU.ActiveCfg = Website_Prod|Any CPU
		{A43982C3-100B-43D1-A547-99F4D38DCFBE}.Website_Prod|Any CPU.Build.0 = Website_Prod|Any CPU
	EndGlobalSection
	GlobalSection(SolutionProperties) = preSolution
		HideSolutionNode = FALSE
	EndGlobalSection
EndGlobal
